
Microsoft Visual Studio Solution File, Format Version 12.00
# Visual Studio Version 16
VisualStudioVersion = 16.0.30204.135
MinimumVisualStudioVersion = 10.0.40219.1
Project("{FAE04EC0-301F-11D3-BF4B-00C04F79EFBC}") = "Prob1.2", "Prob1.2.csproj", "{C5CB4A57-F978-4551-8063-70B687890E44}"
EndProject
Global
	GlobalSection(SolutionConfigurationPlatforms) = preSolution
		Debug|Any CPU = Debug|Any CPU
		Release|Any CPU = Release|Any CPU
	EndGlobalSection
	GlobalSection(ProjectConfigurationPlatforms) = postSolution
		{C5CB4A57-F978-4551-8063-70B687890E44}.Debug|Any CPU.ActiveCfg = Debug|Any CPU
		{C5CB4A57-F978-4551-8063-70B687890E44}.Debug|Any CPU.Build.0 = Debug|Any CPU
		{C5CB4A57-F978-4551-8063-70B687890E44}.Release|Any CPU.ActiveCfg = Release|Any CPU
		{C5CB4A57-F978-4551-8063-70B687890E44}.Release|Any CPU.Build.0 = Release|Any CPU
	EndGlobalSection
	GlobalSection(SolutionProperties) = preSolution
		HideSolutionNode = FALSE
	EndGlobalSection
	GlobalSection(ExtensibilityGlobals) = postSolution
		SolutionGuid = {6B6FA9B2-1F44-462B-A8E0-E92CA655066F}
	EndGlobalSection
EndGlobal
