
Microsoft Visual Studio Solution File, Format Version 12.00
# Visual Studio Version 16
VisualStudioVersion = 16.0.30225.117
MinimumVisualStudioVersion = 10.0.40219.1
Project("{FAE04EC0-301F-11D3-BF4B-00C04F79EFBC}") = "Queues", "Queues.csproj", "{8E5877FE-C1B4-4728-A3A9-11C7B80BC27A}"
EndProject
Global
	GlobalSection(SolutionConfigurationPlatforms) = preSolution
		Debug|Any CPU = Debug|Any CPU
		Release|Any CPU = Release|Any CPU
	EndGlobalSection
	GlobalSection(ProjectConfigurationPlatforms) = postSolution
		{8E5877FE-C1B4-4728-A3A9-11C7B80BC27A}.Debug|Any CPU.ActiveCfg = Debug|Any CPU
		{8E5877FE-C1B4-4728-A3A9-11C7B80BC27A}.Debug|Any CPU.Build.0 = Debug|Any CPU
		{8E5877FE-C1B4-4728-A3A9-11C7B80BC27A}.Release|Any CPU.ActiveCfg = Release|Any CPU
		{8E5877FE-C1B4-4728-A3A9-11C7B80BC27A}.Release|Any CPU.Build.0 = Release|Any CPU
	EndGlobalSection
	GlobalSection(SolutionProperties) = preSolution
		HideSolutionNode = FALSE
	EndGlobalSection
	GlobalSection(ExtensibilityGlobals) = postSolution
		SolutionGuid = {BF00F173-5550-47B8-B116-F581BEDCC686}
	EndGlobalSection
EndGlobal
