
Microsoft Visual Studio Solution File, Format Version 12.00
# Visual Studio Version 16
VisualStudioVersion = 16.0.30204.135
MinimumVisualStudioVersion = 10.0.40219.1
Project("{FAE04EC0-301F-11D3-BF4B-00C04F79EFBC}") = "Prob 2.6", "Prob 2.6.csproj", "{084935EB-A3CC-4C6B-9BBD-0CE4DEF49036}"
EndProject
Global
	GlobalSection(SolutionConfigurationPlatforms) = preSolution
		Debug|Any CPU = Debug|Any CPU
		Release|Any CPU = Release|Any CPU
	EndGlobalSection
	GlobalSection(ProjectConfigurationPlatforms) = postSolution
		{084935EB-A3CC-4C6B-9BBD-0CE4DEF49036}.Debug|Any CPU.ActiveCfg = Debug|Any CPU
		{084935EB-A3CC-4C6B-9BBD-0CE4DEF49036}.Debug|Any CPU.Build.0 = Debug|Any CPU
		{084935EB-A3CC-4C6B-9BBD-0CE4DEF49036}.Release|Any CPU.ActiveCfg = Release|Any CPU
		{084935EB-A3CC-4C6B-9BBD-0CE4DEF49036}.Release|Any CPU.Build.0 = Release|Any CPU
	EndGlobalSection
	GlobalSection(SolutionProperties) = preSolution
		HideSolutionNode = FALSE
	EndGlobalSection
	GlobalSection(ExtensibilityGlobals) = postSolution
		SolutionGuid = {410A5BCA-0F18-47AD-A4C7-5BA937E8B6B8}
	EndGlobalSection
EndGlobal
