
Microsoft Visual Studio Solution File, Format Version 12.00
# Visual Studio Version 16
VisualStudioVersion = 16.0.30204.135
MinimumVisualStudioVersion = 10.0.40219.1
Project("{FAE04EC0-301F-11D3-BF4B-00C04F79EFBC}") = "ConsoleApp1", "ConsoleApp1\ConsoleApp1.csproj", "{DE3212E6-A0A6-4986-8F8D-8EFF59762FE3}"
EndProject
Global
	GlobalSection(SolutionConfigurationPlatforms) = preSolution
		Debug|Any CPU = Debug|Any CPU
		Release|Any CPU = Release|Any CPU
	EndGlobalSection
	GlobalSection(ProjectConfigurationPlatforms) = postSolution
		{DE3212E6-A0A6-4986-8F8D-8EFF59762FE3}.Debug|Any CPU.ActiveCfg = Debug|Any CPU
		{DE3212E6-A0A6-4986-8F8D-8EFF59762FE3}.Debug|Any CPU.Build.0 = Debug|Any CPU
		{DE3212E6-A0A6-4986-8F8D-8EFF59762FE3}.Release|Any CPU.ActiveCfg = Release|Any CPU
		{DE3212E6-A0A6-4986-8F8D-8EFF59762FE3}.Release|Any CPU.Build.0 = Release|Any CPU
	EndGlobalSection
	GlobalSection(SolutionProperties) = preSolution
		HideSolutionNode = FALSE
	EndGlobalSection
	GlobalSection(ExtensibilityGlobals) = postSolution
		SolutionGuid = {EA369D88-DA6D-4242-98D3-3A5EF5F92B10}
	EndGlobalSection
EndGlobal
